{
  "name": "apostrophe-passport",
  "version": "2.2.1",
  "lockfileVersion": 1,
  "requires": true,
  "dependencies": {
    "humanname": {
      "version": "0.2.2",
      "resolved": "https://registry.npmjs.org/humanname/-/humanname-0.2.2.tgz",
      "integrity": "sha1-ZTcbrt36ROdXMxOazxO4DiByPG4="
    },
    "lodash": {
      "version": "4.17.21",
      "resolved": "https://registry.npmjs.org/lodash/-/lodash-4.17.21.tgz",
      "integrity": "sha512-v2kDEe57lecTulaDIuNTPy3Ry4gLGJ6Z1O3vE1krgXZNrsQ+LFTGHVxVjcXPs17LhbZVGedAJv8XZ1tvj5FvSg=="
    }
  }
}
